
Microsoft Visual Studio Solution File, Format Version 12.00
# Visual Studio Version 17
VisualStudioVersion = 17.2.32630.192
MinimumVisualStudioVersion = 10.0.40219.1
Project("{9A19103F-16F7-4668-BE54-9A1E7A4F7556}") = "codingame", "codingame\codingame.csproj", "{002747ED-49A1-497A-8DA4-8DED0777088F}"
EndProject
Global
	GlobalSection(SolutionConfigurationPlatforms) = preSolution
		Debug|Any CPU = Debug|Any CPU
		Release|Any CPU = Release|Any CPU
	EndGlobalSection
	GlobalSection(ProjectConfigurationPlatforms) = postSolution
		{002747ED-49A1-497A-8DA4-8DED0777088F}.Debug|Any CPU.ActiveCfg = Debug|Any CPU
		{002747ED-49A1-497A-8DA4-8DED0777088F}.Debug|Any CPU.Build.0 = Debug|Any CPU
		{002747ED-49A1-497A-8DA4-8DED0777088F}.Release|Any CPU.ActiveCfg = Release|Any CPU
		{002747ED-49A1-497A-8DA4-8DED0777088F}.Release|Any CPU.Build.0 = Release|Any CPU
	EndGlobalSection
	GlobalSection(SolutionProperties) = preSolution
		HideSolutionNode = FALSE
	EndGlobalSection
	GlobalSection(ExtensibilityGlobals) = postSolution
		SolutionGuid = {18837ED7-6F85-4263-AD01-C4920960C30F}
	EndGlobalSection
EndGlobal
